
Microsoft Visual Studio Solution File, Format Version 12.00
# Visual Studio Version 16
VisualStudioVersion = 25.0.1700.2
MinimumVisualStudioVersion = 10.0.40219.1
Project("{FAE04EC0-301F-11D3-BF4B-00C04F79EFBC}") = "restaurant10TablesReservationSystem", "restaurant10TablesReservationSystem.csproj", "{8AFF936D-9206-4270-B476-C1A52049613D}"
EndProject
Global
	GlobalSection(SolutionConfigurationPlatforms) = preSolution
		Debug|Any CPU = Debug|Any CPU
		Release|Any CPU = Release|Any CPU
	EndGlobalSection
	GlobalSection(ProjectConfigurationPlatforms) = postSolution
		{8AFF936D-9206-4270-B476-C1A52049613D}.Debug|Any CPU.ActiveCfg = Debug|Any CPU
		{8AFF936D-9206-4270-B476-C1A52049613D}.Debug|Any CPU.Build.0 = Debug|Any CPU
		{8AFF936D-9206-4270-B476-C1A52049613D}.Release|Any CPU.ActiveCfg = Release|Any CPU
		{8AFF936D-9206-4270-B476-C1A52049613D}.Release|Any CPU.Build.0 = Release|Any CPU
	EndGlobalSection
	GlobalSection(SolutionProperties) = preSolution
		HideSolutionNode = FALSE
	EndGlobalSection
	GlobalSection(ExtensibilityGlobals) = postSolution
		SolutionGuid = {644E9D1C-A79C-430D-9B45-AB26EA038288}
	EndGlobalSection
EndGlobal
